Microsoft Visual Studio Solution File, Format Version 12.00
# Visual Studio Version 17
VisualStudioVersion = 17.5.2.0
MinimumVisualStudioVersion = 10.0.40219.1
Project("{2150E333-8FDC-42A3-9474-1A3956D46DE8}") = "backend-api", "backend-api", "{C7FBAADB-A4A8-78B7-47F9-FD25697BB121}"
EndProject
Project("{FAE04EC0-301F-11D3-BF4B-00C04F79EFBC}") = "F1Insight.API", "backend-api\F1Insight.API\F1Insight.API.csproj", "{5BE988C1-6B48-A53D-4A30-D2D0DD65C48A}"
EndProject
Global
	GlobalSection(SolutionConfigurationPlatforms) = preSolution
		Debug|Any CPU = Debug|Any CPU
		Release|Any CPU = Release|Any CPU
	EndGlobalSection
	GlobalSection(ProjectConfigurationPlatforms) = postSolution
		{5BE988C1-6B48-A53D-4A30-D2D0DD65C48A}.Debug|Any CPU.ActiveCfg = Debug|Any CPU
		{5BE988C1-6B48-A53D-4A30-D2D0DD65C48A}.Debug|Any CPU.Build.0 = Debug|Any CPU
		{5BE988C1-6B48-A53D-4A30-D2D0DD65C48A}.Release|Any CPU.ActiveCfg = Release|Any CPU
		{5BE988C1-6B48-A53D-4A30-D2D0DD65C48A}.Release|Any CPU.Build.0 = Release|Any CPU
	EndGlobalSection
	GlobalSection(SolutionProperties) = preSolution
		HideSolutionNode = FALSE
	EndGlobalSection
	GlobalSection(NestedProjects) = preSolution
		{5BE988C1-6B48-A53D-4A30-D2D0DD65C48A} = {C7FBAADB-A4A8-78B7-47F9-FD25697BB121}
	EndGlobalSection
	GlobalSection(ExtensibilityGlobals) = postSolution
		SolutionGuid = {0F8D78B5-5C17-4099-8012-AE7C78FA3A84}
	EndGlobalSection
EndGlobal
